[[package]]
name = "atomicwrites"
version = "1.4.0"
description = "Atomic file writes."
category = "dev"
optional = false
python-versions = ">=2.7, !=3.0.*, !=3.1.*, !=3.2.*, !=3.3.*"

[[package]]
name = "attrs"
version = "21.2.0"
description = "Classes Without Boilerplate"
category = "dev"
optional = false
python-versions = ">=2.7, !=3.0.*, !=3.1.*, !=3.2.*, !=3.3.*, !=3.4.*"

[package.extras]
dev = ["coverage[toml] (>=5.0.2)", "hypothesis", "pympler", "pytest (>=4.3.0)", "six", "mypy", "pytest-mypy-plugins", "zope.interface", "furo", "sphinx", "sphinx-notfound-page", "pre-commit"]
docs = ["furo", "sphinx", "zope.interface", "sphinx-notfound-page"]
tests = ["coverage[toml] (>=5.0.2)", "hypothesis", "pympler", "pytest (>=4.3.0)", "six", "mypy", "pytest-mypy-plugins", "zope.interface"]
tests_no_zope = ["coverage[toml] (>=5.0.2)", "hypothesis", "pympler", "pytest (>=4.3.0)", "six", "mypy", "pytest-mypy-plugins"]

[[package]]
name = "colorama"
version = "0.4.4"
description = "Cross-platform colored terminal text."
category = "dev"
optional = false
python-versions = ">=2.7, !=3.0.*, !=3.1.*, !=3.2.*, !=3.3.*, !=3.4.*"

[[package]]
name = "iniconfig"
version = "1.1.1"
description = "iniconfig: brain-dead simple config-ini parsing"
category = "dev"
optional = false
python-versions = "*"

[[package]]
name = "lxml"
version = "4.3.5"
description = "Powerful and Pythonic XML processing library combining libxml2/libxslt with the ElementTree API."
category = "main"
optional = false
python-versions = "*"

[package.extras]
cssselect = ["cssselect (>=0.7)"]
html5 = ["html5lib"]
htmlsoup = ["beautifulsoup4"]
source = ["Cython (>=0.29.1)"]

[[package]]
name = "numpy"
version = "1.16.6"
description = "NumPy is the fundamental package for array computing with Python."
category = "main"
optional = false
python-versions = ">=2.7,!=3.0.*,!=3.1.*,!=3.2.*,!=3.3.*"

[[package]]
name = "opencv-contrib-python"
version = "3.4.15.55"
description = "Wrapper package for OpenCV python bindings."
category = "main"
optional = false
python-versions = ">=3.6"

[package.dependencies]
numpy = ">=1.13.3"

[[package]]
name = "packaging"
version = "21.3"
description = "Core utilities for Python packages"
category = "dev"
optional = false
python-versions = ">=3.6"

[package.dependencies]
pyparsing = ">=2.0.2,<3.0.5 || >3.0.5"

[[package]]
name = "pluggy"
version = "1.0.0"
description = "plugin and hook calling mechanisms for python"
category = "dev"
optional = false
python-versions = ">=3.6"

[package.extras]
dev = ["pre-commit", "tox"]
testing = ["pytest", "pytest-benchmark"]

[[package]]
name = "py"
version = "1.11.0"
description = "library with cross-python path, ini-parsing, io, code, log facilities"
category = "dev"
optional = false
python-versions = ">=2.7, !=3.0.*, !=3.1.*, !=3.2.*, !=3.3.*, !=3.4.*"

[[package]]
name = "pyparsing"
version = "3.0.6"
description = "Python parsing module"
category = "dev"
optional = false
python-versions = ">=3.6"

[package.extras]
diagrams = ["jinja2", "railroad-diagrams"]

[[package]]
name = "pysimplegui"
version = "4.55.1"
description = "Python GUIs for Humans. Launched in 2018. It's 2021 & PySimpleGUI is an ACTIVE & supported project. Super-simple to create custom GUI's. 325+ Demo programs & Cookbook for rapid start. Extensive documentation. Main docs at www.PySimpleGUI.org. Fun & your success are the focus. Examples using Machine Learning (GUI, OpenCV Integration), Rainmeter Style Desktop Widgets, Matplotlib + Pyplot, PIL support, add GUI to command line scripts, PDF & Image Viewers. Great for beginners & advanced GUI programmers."
category = "main"
optional = false
python-versions = "*"

[[package]]
name = "pytest"
version = "6.2.5"
description = "pytest: simple powerful testing with Python"
category = "dev"
optional = false
python-versions = ">=3.6"

[package.dependencies]
atomicwrites = {version = ">=1.0", markers = "sys_platform == \"win32\""}
attrs = ">=19.2.0"
colorama = {version = "*", markers = "sys_platform == \"win32\""}
iniconfig = "*"
packaging = "*"
pluggy = ">=0.12,<2.0"
py = ">=1.8.2"
toml = "*"

[package.extras]
testing = ["argcomplete", "hypothesis (>=3.56)", "mock", "nose", "requests", "xmlschema"]

[[package]]
name = "toml"
version = "0.10.2"
description = "Python Library for Tom's Obvious, Minimal Language"
category = "dev"
optional = false
python-versions = ">=2.6, !=3.0.*, !=3.1.*, !=3.2.*"

[[package]]
name = "tqdm"
version = "4.29.1"
description = "Fast, Extensible Progress Meter"
category = "main"
optional = false
python-versions = ">=2.6, !=3.0.*, !=3.1.*"

[metadata]
lock-version = "1.1"
python-versions = "~3.8.10"
content-hash = "8c98e68fdb3ad23e5dd1058d64927a3b72e6fb084449e69080636e7dd87f918c"

[metadata.files]
atomicwrites = [
    {file = "atomicwrites-1.4.0-py2.py3-none-any.whl", hash = "sha256:6d1784dea7c0c8d4a5172b6c620f40b6e4cbfdf96d783691f2e1302a7b88e197"},
    {file = "atomicwrites-1.4.0.tar.gz", hash = "sha256:ae70396ad1a434f9c7046fd2dd196fc04b12f9e91ffb859164193be8b6168a7a"},
]
attrs = [
    {file = "attrs-21.2.0-py2.py3-none-any.whl", hash = "sha256:149e90d6d8ac20db7a955ad60cf0e6881a3f20d37096140088356da6c716b0b1"},
    {file = "attrs-21.2.0.tar.gz", hash = "sha256:ef6aaac3ca6cd92904cdd0d83f629a15f18053ec84e6432106f7a4d04ae4f5fb"},
]
colorama = [
    {file = "colorama-0.4.4-py2.py3-none-any.whl", hash = "sha256:9f47eda37229f68eee03b24b9748937c7dc3868f906e8ba69fbcbdd3bc5dc3e2"},
    {file = "colorama-0.4.4.tar.gz", hash = "sha256:5941b2b48a20143d2267e95b1c2a7603ce057ee39fd88e7329b0c292aa16869b"},
]
iniconfig = [
    {file = "iniconfig-1.1.1-py2.py3-none-any.whl", hash = "sha256:011e24c64b7f47f6ebd835bb12a743f2fbe9a26d4cecaa7f53bc4f35ee9da8b3"},
    {file = "iniconfig-1.1.1.tar.gz", hash = "sha256:bc3af051d7d14b2ee5ef9969666def0cd1a000e121eaea580d4a313df4b37f32"},
]
lxml = [
    {file = "lxml-4.3.5-cp27-cp27m-macosx_10_6_intel.macosx_10_9_intel.macosx_10_9_x86_64.macosx_10_10_intel.macosx_10_10_x86_64.whl", hash = "sha256:9595ddceb8ea33899760e3c64750aa49ea6111ae86d91e262f0957fc25f7f45a"},
    {file = "lxml-4.3.5-cp27-cp27m-manylinux1_i686.whl", hash = "sha256:007f17642a338c4db6107a9bc129fb9fa8cf3d5389b61679014a17db31f814f1"},
    {file = "lxml-4.3.5-cp27-cp27m-manylinux1_x86_64.whl", hash = "sha256:729b3858425e4ac695772bb41b455f7c4862f9e4579775debc781fffd8e7e8f2"},
    {file = "lxml-4.3.5-cp27-cp27m-win32.whl", hash = "sha256:628e5f8cfa1d34c78fb713a813be23669622ea3d538b9b43f4f66f56c647de34"},
    {file = "lxml-4.3.5-cp27-cp27m-win_amd64.whl", hash = "sha256:930364d203138054d70708a662782e8bb6649c4682adc6a32e6c9c7acca1624a"},
    {file = "lxml-4.3.5-cp27-cp27mu-manylinux1_i686.whl", hash = "sha256:d7db4f58fc1bc80ccf2b23bb1e0e6a176044b804e40dffb40c7995bd07046fdf"},
    {file = "lxml-4.3.5-cp27-cp27mu-manylinux1_x86_64.whl", hash = "sha256:2b0bb7cd10686fd21d3360780f5d410ddb506377cf17823b4858951d53c92283"},
    {file = "lxml-4.3.5-cp34-cp34m-manylinux1_i686.whl", hash = "sha256:7e6a735d2f910ee9e505eed09fd444f9ce0799c03e9657a4bf546ac132b8176b"},
    {file = "lxml-4.3.5-cp34-cp34m-manylinux1_x86_64.whl", hash = "sha256:a61a4cd53d9af8403185697e54b7fc2870c4aaab5c17d5732c320eab4e534ab4"},
    {file = "lxml-4.3.5-cp35-cp35m-manylinux1_i686.whl", hash = "sha256:0a2e54e9b6c597cb8aa0935b47c73e22857d5a6f12013675478ed2b49fb560f2"},
    {file = "lxml-4.3.5-cp35-cp35m-manylinux1_x86_64.whl", hash = "sha256:161e945ebdeac9a7641b1623004e6e7c24b303172dfe6324c89e40c700d41a6a"},
    {file = "lxml-4.3.5-cp35-cp35m-win32.whl", hash = "sha256:0be67a53aac192390958dcc83fc200cbba552c11be3f2e1a46b895fcc8c259c7"},
    {file = "lxml-4.3.5-cp35-cp35m-win_amd64.whl", hash = "sha256:85cb9c6d8fd7e7385900a7d573639c72354b812212649e4be6956acaa2effa3a"},
    {file = "lxml-4.3.5-cp36-cp36m-macosx_10_6_intel.macosx_10_9_intel.macosx_10_9_x86_64.macosx_10_10_intel.macosx_10_10_x86_64.whl", hash = "sha256:a5f62b84704b6d21fbc827535845f4830f669dd3983730b8cdd305233355dd00"},
    {file = "lxml-4.3.5-cp36-cp36m-manylinux1_i686.whl", hash = "sha256:77c4425a5e1b9bb3b545061fe5261b20e4db4c4f395aba1455459f837da2ab8f"},
    {file = "lxml-4.3.5-cp36-cp36m-manylinux1_x86_64.whl", hash = "sha256:2b160c1ef64c23c3206e8741d16343d8e780663a7b4521c14fd2de8772d581c0"},
    {file = "lxml-4.3.5-cp36-cp36m-win32.whl", hash = "sha256:d1525c941d34677d64b219255613fd0e871890f9ebd933936069d50dd2ea0967"},
    {file = "lxml-4.3.5-cp36-cp36m-win_amd64.whl", hash = "sha256:f1161af10ff61dcaacc2d669e577b48a39d5fb21e4cc8f87c9f034eebc076faa"},
    {file = "lxml-4.3.5-cp37-cp37m-macosx_10_6_intel.macosx_10_9_intel.macosx_10_9_x86_64.macosx_10_10_intel.macosx_10_10_x86_64.whl", hash = "sha256:b39ea490516253e25e68ec6556e4dd2c2dbc3b612b74fca6c00a7c1c66ff0aaf"},
    {file = "lxml-4.3.5-cp37-cp37m-manylinux1_i686.whl", hash = "sha256:b26f1aba578f0ddbcb7fcc54b66baf3b510a9702251239038839dc547e07f6b6"},
    {file = "lxml-4.3.5-cp37-cp37m-manylinux1_x86_64.whl", hash = "sha256:92c7e1496672f9cd978888da8364bc3e16781b115e05db9ba593b706e749a68a"},
    {file = "lxml-4.3.5-cp37-cp37m-win32.whl", hash = "sha256:e2d2d7038c068c3d8a4ab858306ba959b014b203b7063ceb6b75f2ff8b32ee5f"},
    {file = "lxml-4.3.5-cp37-cp37m-win_amd64.whl", hash = "sha256:7133831d22e315bff2ca3bab9a2cbe7eb12b3c70773bfa64636fbcc7aebf93ab"},
    {file = "lxml-4.3.5.tar.gz", hash = "sha256:738862e9724d201f1aa8394cb666d8136d666198e97d6e1e5c9876ad884a86b3"},
]
numpy = [
    {file = "numpy-1.16.6-cp27-cp27m-macosx_10_9_x86_64.whl", hash = "sha256:08bf4f66f190822f4642e036accde8da810b87fffc0b9409e7a00d9e54760099"},
    {file = "numpy-1.16.6-cp27-cp27m-manylinux1_i686.whl", hash = "sha256:d759ca1b76ac6f6b6159fb74984126035feb1dee9f68b4b961889b6dc090f33a"},
    {file = "numpy-1.16.6-cp27-cp27m-manylinux1_x86_64.whl", hash = "sha256:d3c5377c6122de876e695937ef41ffee5d2831154c5e4856481b93406cdfeecb"},
    {file = "numpy-1.16.6-cp27-cp27m-win32.whl", hash = "sha256:345b1748e6b0d4773a518868c783b16fdc33a22683bdb863484cd29fe8d206e6"},
    {file = "numpy-1.16.6-cp27-cp27m-win_amd64.whl", hash = "sha256:7a5a1f49a643aa1ab3e0579da0a48b8a48ea4369eb63c5065459d0a37f430237"},
    {file = "numpy-1.16.6-cp27-cp27mu-manylinux1_i686.whl", hash = "sha256:817eed5a6ec2fc9c1a0ee3fbf9a441c66b6766383580513ccbdf3121acc0b4fb"},
    {file = "numpy-1.16.6-cp27-cp27mu-manylinux1_x86_64.whl", hash = "sha256:1680c8d5086a88d293dfd1a10b6429a09140cacee878034fa2308472ec835db4"},
    {file = "numpy-1.16.6-cp35-cp35m-macosx_10_9_intel.whl", hash = "sha256:a4383edb1b8caa989c3541a37ef204916322c503b8eeacc7ee8f4ba24cac97b8"},
    {file = "numpy-1.16.6-cp35-cp35m-manylinux1_i686.whl", hash = "sha256:9bb690692f3101583b0b99f3be362742e4f8ebe6c7934fa36cd8ca2b567a0bcc"},
    {file = "numpy-1.16.6-cp35-cp35m-manylinux1_x86_64.whl", hash = "sha256:b9e334568ca1bf56598eddfac6db6a75bcf1c91aa90d598648f21e45207daeae"},
    {file = "numpy-1.16.6-cp35-cp35m-win32.whl", hash = "sha256:55cae40d2024c56e7b79fb070106cb4289dcc6b55c62dba1d89a6944448c6a53"},
    {file = "numpy-1.16.6-cp35-cp35m-win_amd64.whl", hash = "sha256:a1ffc9c770ccc2be9284310a3726c918b26ca19b34c0079e7a41aba950ab175f"},
    {file = "numpy-1.16.6-cp36-cp36m-macosx_10_9_x86_64.whl", hash = "sha256:3f423b06bf67cd1dbf72e13e9b53a9ca71972e5abf712ee6cb5d8cbb178fff02"},
    {file = "numpy-1.16.6-cp36-cp36m-manylinux1_i686.whl", hash = "sha256:34e6bb44e3d9a663f903b8c297ede865b4dff039aa43cc9a0b249e02c27f1396"},
    {file = "numpy-1.16.6-cp36-cp36m-manylinux1_x86_64.whl", hash = "sha256:60c56922c9d759d664078fbef94132377ef1498ab27dd3d0cc7a21b346e68c06"},
    {file = "numpy-1.16.6-cp36-cp36m-win32.whl", hash = "sha256:23cad5e5858dfb73c0e5bce03fe78e5e5908c22263156c58d4afdbb240683c6c"},
    {file = "numpy-1.16.6-cp36-cp36m-win_amd64.whl", hash = "sha256:77399828d96cca386bfba453025c34f22569909d90332b961d3d4341cdb46a84"},
    {file = "numpy-1.16.6-cp37-cp37m-macosx_10_9_x86_64.whl", hash = "sha256:97ddfa7688295d460ee48a4d76337e9fdd2506d9d1d0eee7f0348b42b430da4c"},
    {file = "numpy-1.16.6-cp37-cp37m-manylinux1_i686.whl", hash = "sha256:390f6e14a8d73591f086680464aa101a9be9187d0c633f48c98b429b31b712c2"},
    {file = "numpy-1.16.6-cp37-cp37m-manylinux1_x86_64.whl", hash = "sha256:a1772dc227e3e415eeaa646d25690dc854bddc3d626e454c7c27acba060cb900"},
    {file = "numpy-1.16.6-cp37-cp37m-win32.whl", hash = "sha256:c9fb4fcfcdcaccfe2c4e1f9e0133ed59df5df2aa3655f3d391887e892b0a784c"},
    {file = "numpy-1.16.6-cp37-cp37m-win_amd64.whl", hash = "sha256:6b1853364775edb85ceb0f7f8214d9e993d4d1d9bd3310eae80529ea14ba2ba6"},
    {file = "numpy-1.16.6.zip", hash = "sha256:e5cf3fdf13401885e8eea8170624ec96225e2174eb0c611c6f26dd33b489e3ff"},
]
opencv-contrib-python = [
    {file = "opencv-contrib-python-3.4.15.55.tar.gz", hash = "sha256:0ad3d4ba870cc09bfbe310382db315562939c7a6a756798ddb5d4d456f0ce829"},
    {file = "opencv_contrib_python-3.4.15.55-cp36-cp36m-macosx_10_15_x86_64.whl", hash = "sha256:4f0ad4e1234f8c362e2777ebbb7b99584e93aaa564839dc29aa741052881a9f9"},
    {file = "opencv_contrib_python-3.4.15.55-cp36-cp36m-manylinux2014_aarch64.whl", hash = "sha256:4eba6fc2defd10a60231058b9beb2d68563559bf2c75089db5d2feab22d08e5b"},
    {file = "opencv_contrib_python-3.4.15.55-cp36-cp36m-manylinux2014_x86_64.whl", hash = "sha256:b538af2b2ba5db0ddfd439dd9c4fffa39e1918f6a11e010e5b2ff19cfd1facdc"},
    {file = "opencv_contrib_python-3.4.15.55-cp36-cp36m-win32.whl", hash = "sha256:38b568e906200016af7fe1bbef053a07622d88e4e01781be72edaf8b66fcd212"},
    {file = "opencv_contrib_python-3.4.15.55-cp36-cp36m-win_amd64.whl", hash = "sha256:510b73abfc0d9209e69bb52bb1c5bb56ff3a89facb1e5aa997f35b5965c02518"},
    {file = "opencv_contrib_python-3.4.15.55-cp37-cp37m-macosx_10_15_x86_64.whl", hash = "sha256:d57094abdf8ae8da770a9969b0d8710be55a45386e42cb177ab6425e530c034a"},
    {file = "opencv_contrib_python-3.4.15.55-cp37-cp37m-macosx_11_0_arm64.whl", hash = "sha256:dbad977f349ccbb2dfab218d43041a11bb71f3c7fa8f0bb1076f9f21c0be2c96"},
    {file = "opencv_contrib_python-3.4.15.55-cp37-cp37m-manylinux2014_aarch64.whl", hash = "sha256:3ef66b88b0cec55deb50b5d651e49b9a89c80bfb2ad17b9a9ebb3bcee749c67a"},
    {file = "opencv_contrib_python-3.4.15.55-cp37-cp37m-manylinux2014_x86_64.whl", hash = "sha256:0288b178845720979fbca653617c689909ff8307cdfb4106836bacd1f1f42bd6"},
    {file = "opencv_contrib_python-3.4.15.55-cp37-cp37m-win32.whl", hash = "sha256:88abfda42aa5234c6ddaa4b3e90448566fe78e123007965cd3cfab52c9530f78"},
    {file = "opencv_contrib_python-3.4.15.55-cp37-cp37m-win_amd64.whl", hash = "sha256:e2ecef1435868d72802695e22d97240bc151c28136c99ebfff7ac90049de403c"},
    {file = "opencv_contrib_python-3.4.15.55-cp38-cp38-macosx_10_15_x86_64.whl", hash = "sha256:6bc8b605ed2d968cc467e05fae8cc863b29bfd5274ac5c04377bede7f6315fe5"},
    {file = "opencv_contrib_python-3.4.15.55-cp38-cp38-macosx_11_0_arm64.whl", hash = "sha256:b612848bf48f95ae244e5056d4313c2225d6fb1a938ef1b176bc1535fb025d20"},
    {file = "opencv_contrib_python-3.4.15.55-cp38-cp38-manylinux2014_aarch64.whl", hash = "sha256:3a3309212d1ec86be883fddd000adfbbebb63ba6bffd36ebe3bad752bb971a72"},
    {file = "opencv_contrib_python-3.4.15.55-cp38-cp38-manylinux2014_x86_64.whl", hash = "sha256:fa4bc91ad8c51f1bb865b25ad6da5bfc05970adab330078ce45c4e2ae9b28164"},
    {file = "opencv_contrib_python-3.4.15.55-cp38-cp38-win32.whl", hash = "sha256:8129d1f583533034fc8b3e226de77d819adaf623347628119fe6814c677a74f8"},
    {file = "opencv_contrib_python-3.4.15.55-cp38-cp38-win_amd64.whl", hash = "sha256:6553c7630d67116c6808f1f444bd54faea2bfec18a5453b3a77fea22c5b0a7e8"},
    {file = "opencv_contrib_python-3.4.15.55-cp39-cp39-macosx_10_15_x86_64.whl", hash = "sha256:1fe177b42b4f948c589a335c974c367c1fa1c3b9407375b027a781ae3fb3f2a4"},
    {file = "opencv_contrib_python-3.4.15.55-cp39-cp39-macosx_11_0_arm64.whl", hash = "sha256:964bd4d7178a669228a5eb0db52ece54e9910a98f5890c5212ad093bcedda6ec"},
    {file = "opencv_contrib_python-3.4.15.55-cp39-cp39-manylinux2014_aarch64.whl", hash = "sha256:adf80419132b2ed87dc9f3f0cf5bdecbc228ccf78652bf3f06710e9a6eb57137"},
    {file = "opencv_contrib_python-3.4.15.55-cp39-cp39-manylinux2014_x86_64.whl", hash = "sha256:de24c94cec5418e8136dc637a28ac11d25466c41b47c242f24b84b01dcd3b4d5"},
    {file = "opencv_contrib_python-3.4.15.55-cp39-cp39-win32.whl", hash = "sha256:baca5f53b1b13221fc110eb26582447d2cc7c4e733f2b593536b58a00c794f87"},
    {file = "opencv_contrib_python-3.4.15.55-cp39-cp39-win_amd64.whl", hash = "sha256:be8ad0fe210dca9e4d2ff1d04d5dd40bef1d1dd072f770e7e2e0d7b1cb0d0895"},
]
packaging = [
    {file = "packaging-21.3-py3-none-any.whl", hash = "sha256:ef103e05f519cdc783ae24ea4e2e0f508a9c99b2d4969652eed6a2e1ea5bd522"},
    {file = "packaging-21.3.tar.gz", hash = "sha256:dd47c42927d89ab911e606518907cc2d3a1f38bbd026385970643f9c5b8ecfeb"},
]
pluggy = [
    {file = "pluggy-1.0.0-py2.py3-none-any.whl", hash = "sha256:74134bbf457f031a36d68416e1509f34bd5ccc019f0bcc952c7b909d06b37bd3"},
    {file = "pluggy-1.0.0.tar.gz", hash = "sha256:4224373bacce55f955a878bf9cfa763c1e360858e330072059e10bad68531159"},
]
py = [
    {file = "py-1.11.0-py2.py3-none-any.whl", hash = "sha256:607c53218732647dff4acdfcd50cb62615cedf612e72d1724fb1a0cc6405b378"},
    {file = "py-1.11.0.tar.gz", hash = "sha256:51c75c4126074b472f746a24399ad32f6053d1b34b68d2fa41e558e6f4a98719"},
]
pyparsing = [
    {file = "pyparsing-3.0.6-py3-none-any.whl", hash = "sha256:04ff808a5b90911829c55c4e26f75fa5ca8a2f5f36aa3a51f68e27033341d3e4"},
    {file = "pyparsing-3.0.6.tar.gz", hash = "sha256:d9bdec0013ef1eb5a84ab39a3b3868911598afa494f5faa038647101504e2b81"},
]
pysimplegui = [
    {file = "PySimpleGUI-4.55.1-py3-none-any.whl", hash = "sha256:dac8a7d43c246c68bb3c6cdabb0b0abb369df8a7bf3f246d6144e64b6e9330b4"},
    {file = "PySimpleGUI-4.55.1.tar.gz", hash = "sha256:9d40c0a0c2b4c3d2ee935854e48d724f508ae68123f4bac8072612dd9e707dec"},
]
pytest = [
    {file = "pytest-6.2.5-py3-none-any.whl", hash = "sha256:7310f8d27bc79ced999e760ca304d69f6ba6c6649c0b60fb0e04a4a77cacc134"},
    {file = "pytest-6.2.5.tar.gz", hash = "sha256:131b36680866a76e6781d13f101efb86cf674ebb9762eb70d3082b6f29889e89"},
]
toml = [
    {file = "toml-0.10.2-py2.py3-none-any.whl", hash = "sha256:806143ae5bfb6a3c6e736a764057db0e6a0e05e338b5630894a5f779cabb4f9b"},
    {file = "toml-0.10.2.tar.gz", hash = "sha256:b3bda1d108d5dd99f4a20d24d9c348e91c4db7ab1b749200bded2f839ccbe68f"},
]
tqdm = [
    {file = "tqdm-4.29.1-py2.py3-none-any.whl", hash = "sha256:c9b9b5eeba13994a4c266aae7eef7aeeb0ba2973e431027e942b4faea139ef49"},
    {file = "tqdm-4.29.1.tar.gz", hash = "sha256:b856be5cb6cfaee3b2733655c7c5bbc7751291bb5d1a4f54f020af4727570b3e"},
]
